
Microsoft Visual Studio Solution File, Format Version 12.00
# Visual Studio Version 16
VisualStudioVersion = 16.0.30225.117
MinimumVisualStudioVersion = 10.0.40219.1
Project("{9A19103F-16F7-4668-BE54-9A1E7A4F7556}") = "Angband.Core", "Angband.Core\Angband.Core.csproj", "{9CFFFF27-197E-4425-8E2D-A880E66656EB}"
EndProject
Project("{9A19103F-16F7-4668-BE54-9A1E7A4F7556}") = "Angband.Core.Test", "Angband.Core.Test\Angband.Core.Test.csproj", "{42A1915A-5BA1-4BB0-AB41-BC167C5188A2}"
EndProject
Project("{9A19103F-16F7-4668-BE54-9A1E7A4F7556}") = "Angband.Console", "Angband.Console\Angband.Console.csproj", "{183EE101-E014-479A-821B-FFD9BAAD0E19}"
EndProject
Project("{9A19103F-16F7-4668-BE54-9A1E7A4F7556}") = "Angband.API", "Angband.API\Angband.API.csproj", "{AE95C25E-56B9-4A64-8529-99DA11F277F4}"
EndProject
Project("{FAE04EC0-301F-11D3-BF4B-00C04F79EFBC}") = "Angband.Console.Test", "Angband.Console.Test\Angband.Console.Test.csproj", "{08643C99-7D42-4933-AA16-7879F4FD1237}"
EndProject
Global
	GlobalSection(SolutionConfigurationPlatforms) = preSolution
		Debug|Any CPU = Debug|Any CPU
		Release|Any CPU = Release|Any CPU
	EndGlobalSection
	GlobalSection(ProjectConfigurationPlatforms) = postSolution
		{9CFFFF27-197E-4425-8E2D-A880E66656EB}.Debug|Any CPU.ActiveCfg = Debug|Any CPU
		{9CFFFF27-197E-4425-8E2D-A880E66656EB}.Debug|Any CPU.Build.0 = Debug|Any CPU
		{9CFFFF27-197E-4425-8E2D-A880E66656EB}.Release|Any CPU.ActiveCfg = Release|Any CPU
		{9CFFFF27-197E-4425-8E2D-A880E66656EB}.Release|Any CPU.Build.0 = Release|Any CPU
		{42A1915A-5BA1-4BB0-AB41-BC167C5188A2}.Debug|Any CPU.ActiveCfg = Debug|Any CPU
		{42A1915A-5BA1-4BB0-AB41-BC167C5188A2}.Debug|Any CPU.Build.0 = Debug|Any CPU
		{42A1915A-5BA1-4BB0-AB41-BC167C5188A2}.Release|Any CPU.ActiveCfg = Release|Any CPU
		{42A1915A-5BA1-4BB0-AB41-BC167C5188A2}.Release|Any CPU.Build.0 = Release|Any CPU
		{183EE101-E014-479A-821B-FFD9BAAD0E19}.Debug|Any CPU.ActiveCfg = Debug|Any CPU
		{183EE101-E014-479A-821B-FFD9BAAD0E19}.Debug|Any CPU.Build.0 = Debug|Any CPU
		{183EE101-E014-479A-821B-FFD9BAAD0E19}.Release|Any CPU.ActiveCfg = Release|Any CPU
		{183EE101-E014-479A-821B-FFD9BAAD0E19}.Release|Any CPU.Build.0 = Release|Any CPU
		{AE95C25E-56B9-4A64-8529-99DA11F277F4}.Debug|Any CPU.ActiveCfg = Debug|Any CPU
		{AE95C25E-56B9-4A64-8529-99DA11F277F4}.Debug|Any CPU.Build.0 = Debug|Any CPU
		{AE95C25E-56B9-4A64-8529-99DA11F277F4}.Release|Any CPU.ActiveCfg = Release|Any CPU
		{AE95C25E-56B9-4A64-8529-99DA11F277F4}.Release|Any CPU.Build.0 = Release|Any CPU
		{08643C99-7D42-4933-AA16-7879F4FD1237}.Debug|Any CPU.ActiveCfg = Debug|Any CPU
		{08643C99-7D42-4933-AA16-7879F4FD1237}.Debug|Any CPU.Build.0 = Debug|Any CPU
		{08643C99-7D42-4933-AA16-7879F4FD1237}.Release|Any CPU.ActiveCfg = Release|Any CPU
		{08643C99-7D42-4933-AA16-7879F4FD1237}.Release|Any CPU.Build.0 = Release|Any CPU
	EndGlobalSection
	GlobalSection(SolutionProperties) = preSolution
		HideSolutionNode = FALSE
	EndGlobalSection
	GlobalSection(ExtensibilityGlobals) = postSolution
		SolutionGuid = {624FB272-DC8C-41EA-9AB6-690130DB0102}
	EndGlobalSection
EndGlobal
